
Microsoft Visual Studio Solution File, Format Version 12.00
# Visual Studio Version 16
VisualStudioVersion = 16.0.29123.88
MinimumVisualStudioVersion = 10.0.40219.1
Project("{FAE04EC0-301F-11D3-BF4B-00C04F79EFBC}") = "GeoTIFFConverter", "GeoTIFFConverter.csproj", "{7061EAD5-E29C-4203-A604-92C2C4FEF5A0}"
EndProject
Global
	GlobalSection(SolutionConfigurationPlatforms) = preSolution
		Debug|Any CPU = Debug|Any CPU
		Release|Any CPU = Release|Any CPU
	EndGlobalSection
	GlobalSection(ProjectConfigurationPlatforms) = postSolution
		{7061EAD5-E29C-4203-A604-92C2C4FEF5A0}.Debug|Any CPU.ActiveCfg = Debug|Any CPU
		{7061EAD5-E29C-4203-A604-92C2C4FEF5A0}.Debug|Any CPU.Build.0 = Debug|Any CPU
		{7061EAD5-E29C-4203-A604-92C2C4FEF5A0}.Release|Any CPU.ActiveCfg = Release|Any CPU
		{7061EAD5-E29C-4203-A604-92C2C4FEF5A0}.Release|Any CPU.Build.0 = Release|Any CPU
	EndGlobalSection
	GlobalSection(SolutionProperties) = preSolution
		HideSolutionNode = FALSE
	EndGlobalSection
	GlobalSection(ExtensibilityGlobals) = postSolution
		SolutionGuid = {6FEB1631-469A-4796-B1C5-CBB28F5852CF}
	EndGlobalSection
EndGlobal
